
Microsoft Visual Studio Solution File, Format Version 12.00
# Visual Studio Version 17
VisualStudioVersion = 17.5.002.0
MinimumVisualStudioVersion = 10.0.40219.1
Project("{9A19103F-16F7-4668-BE54-9A1E7A4F7556}") = "RepoC", "RepoC.csproj", "{B2288C2F-98A6-4A65-8F94-59F144C33499}"
EndProject
Global
	GlobalSection(SolutionConfigurationPlatforms) = preSolution
		Debug|Any CPU = Debug|Any CPU
		Release|Any CPU = Release|Any CPU
	EndGlobalSection
	GlobalSection(ProjectConfigurationPlatforms) = postSolution
		{B2288C2F-98A6-4A65-8F94-59F144C33499}.Debug|Any CPU.ActiveCfg = Debug|Any CPU
		{B2288C2F-98A6-4A65-8F94-59F144C33499}.Debug|Any CPU.Build.0 = Debug|Any CPU
		{B2288C2F-98A6-4A65-8F94-59F144C33499}.Release|Any CPU.ActiveCfg = Release|Any CPU
		{B2288C2F-98A6-4A65-8F94-59F144C33499}.Release|Any CPU.Build.0 = Release|Any CPU
	EndGlobalSection
	GlobalSection(SolutionProperties) = preSolution
		HideSolutionNode = FALSE
	EndGlobalSection
	GlobalSection(ExtensibilityGlobals) = postSolution
		SolutionGuid = {6140CB1A-E473-4911-99D2-BC7330DF09D4}
	EndGlobalSection
EndGlobal
